
Microsoft Visual Studio Solution File, Format Version 12.00
# Visual Studio Version 17
VisualStudioVersion = 17.14.36414.22
MinimumVisualStudioVersion = 10.0.40219.1
Project("{FAE04EC0-301F-11D3-BF4B-00C04F79EFBC}") = "ToDo_API", "ToDo_API\ToDo_API.csproj", "{01B98C7C-34D5-4A4A-91DE-67EEFF4C2F31}"
EndProject
Project("{FAE04EC0-301F-11D3-BF4B-00C04F79EFBC}") = "ToDo_Tests", "ToDo_Tests\ToDo_Tests.csproj", "{23A07B72-7ABC-4D04-B4F5-A76C59D60AE7}"
EndProject
Global
	GlobalSection(SolutionConfigurationPlatforms) = preSolution
		Debug|Any CPU = Debug|Any CPU
		Release|Any CPU = Release|Any CPU
	EndGlobalSection
	GlobalSection(ProjectConfigurationPlatforms) = postSolution
		{01B98C7C-34D5-4A4A-91DE-67EEFF4C2F31}.Debug|Any CPU.ActiveCfg = Debug|Any CPU
		{01B98C7C-34D5-4A4A-91DE-67EEFF4C2F31}.Debug|Any CPU.Build.0 = Debug|Any CPU
		{01B98C7C-34D5-4A4A-91DE-67EEFF4C2F31}.Release|Any CPU.ActiveCfg = Release|Any CPU
		{01B98C7C-34D5-4A4A-91DE-67EEFF4C2F31}.Release|Any CPU.Build.0 = Release|Any CPU
		{23A07B72-7ABC-4D04-B4F5-A76C59D60AE7}.Debug|Any CPU.ActiveCfg = Debug|Any CPU
		{23A07B72-7ABC-4D04-B4F5-A76C59D60AE7}.Debug|Any CPU.Build.0 = Debug|Any CPU
		{23A07B72-7ABC-4D04-B4F5-A76C59D60AE7}.Release|Any CPU.ActiveCfg = Release|Any CPU
		{23A07B72-7ABC-4D04-B4F5-A76C59D60AE7}.Release|Any CPU.Build.0 = Release|Any CPU
	EndGlobalSection
	GlobalSection(SolutionProperties) = preSolution
		HideSolutionNode = FALSE
	EndGlobalSection
	GlobalSection(ExtensibilityGlobals) = postSolution
		SolutionGuid = {920086A3-61DE-494F-8B6B-F7A6A814BA6F}
	EndGlobalSection
EndGlobal
